{
  "requires": true,
  "lockfileVersion": 1,
  "dependencies": {
    "@alertbox/docsify-footer": {
      "version": "1.0.0-0",
      "resolved": "https://registry.npmjs.org/@alertbox/docsify-footer/-/docsify-footer-1.0.0-0.tgz",
      "integrity": "sha512-+yYk0GXcCYEmbYxA11gDuV5xNhWywCG/Ak+u9vmvr5X4V8CRjvFnCPWXIaO2Tekj6GMLzUPE80Ho6+pitl9qdA=="
    },
    "perfect-scrollbar": {
      "version": "1.5.1",
      "resolved": "https://registry.npmjs.org/perfect-scrollbar/-/perfect-scrollbar-1.5.1.tgz",
      "integrity": "sha512-MrSImINnIh3Tm1hdPT6bji6fmIeRorVEegQvyUnhqko2hDGTHhmjPefHXfxG/Jb8xVbfCwgmUIlIajERGXjVXQ=="
    }
  }
}
